{
  "lockfileVersion": 1,
  "configVersion": 1,
  "workspaces": {
    "": {
      "name": "youtube-video-downloader-api",
      "dependencies": {
        "mediabunny": "latest",
        "youtubei.js": "^13.0.0",
      },
    },
  },
  "packages": {
    "@bufbuild/protobuf": ["@bufbuild/protobuf@2.11.0", "", {}, "sha512-sBXGT13cpmPR5BMgHE6UEEfEaShh5Ror6rfN3yEK5si7QVrtZg8LEPQb0VVhiLRUslD2yLnXtnRzG035J/mZXQ=="],

    "@fastify/busboy": ["@fastify/busboy@2.1.1", "", {}, "sha512-vBZP4NlzfOlerQTnba4aqZoMhE/a9HY7HRqoOPaETQcSQuWEIyZMHGfVu6w9wGtGK5fED5qRs2DteVCjOH60sA=="],

    "@types/dom-mediacapture-transform": ["@types/dom-mediacapture-transform@0.1.11", "", { "dependencies": { "@types/dom-webcodecs": "*" } }, "sha512-Y2p+nGf1bF2XMttBnsVPHUWzRRZzqUoJAKmiP10b5umnO6DDrWI0BrGDJy1pOHoOULVmGSfFNkQrAlC5dcj6nQ=="],

    "@types/dom-webcodecs": ["@types/dom-webcodecs@0.1.13", "", {}, "sha512-O5hkiFIcjjszPIYyUSyvScyvrBoV3NOEEZx/pMlsu44TKzWNkLVBBxnxJz42in5n3QIolYOcBYFCPZZ0h8SkwQ=="],

    "acorn": ["acorn@8.15.0", "", { "bin": { "acorn": "bin/acorn" } }, "sha512-NZyJarBfL7nWwIq+FDL6Zp/yHEhePMNnnJ0y3qfieCrmNvYct8uvtiV41UvlSe6apAfk0fY1FbWx+NwfmpvtTg=="],

    "jintr": ["jintr@3.3.1", "", { "dependencies": { "acorn": "^8.8.0" } }, "sha512-nnOzyhf0SLpbWuZ270Omwbj5LcXUkTcZkVnK8/veJXtSZOiATM5gMZMdmzN75FmTyj+NVgrGaPdH12zIJ24oIA=="],

    "mediabunny": ["mediabunny@1.29.1", "", { "dependencies": { "@types/dom-mediacapture-transform": "^0.1.11", "@types/dom-webcodecs": "0.1.13" } }, "sha512-RrlKs69MxRGa/l9cMGeI4hzuTSgchOGFHk9lIAuu9EcbSdJ05gDbRsTY67dojAiyUP3ic4PExij5OqDxqSv82Q=="],

    "tslib": ["tslib@2.8.1", "", {}, "sha512-oJFu94HQb+KVduSUQL7wnpmqnfmLsOA/nAh6b6EH0wCEoK0/mPeXU6c3wKDV83MkOuHPRHtSXKKU99IBazS/2w=="],

    "undici": ["undici@5.29.0", "", { "dependencies": { "@fastify/busboy": "^2.0.0" } }, "sha512-raqeBD6NQK4SkWhQzeYKd1KmIG6dllBOTt55Rmkt4HtI9mwdWtJljnrXjAFUBLTSN67HWrOIZ3EPF4kjUw80Bg=="],

    "youtubei.js": ["youtubei.js@13.4.0", "", { "dependencies": { "@bufbuild/protobuf": "^2.0.0", "jintr": "^3.3.1", "tslib": "^2.5.0", "undici": "^5.19.1" } }, "sha512-+fmIZU/dWAjsROONrASy1REwVpy6umAPVuoNLr/4iNmZXl84LyBef0n3hrd1Vn9035EuINToGyQcBmifwUEemA=="],
  }
}
